<?xml version="1.0" encoding="utf-8"?>
<Project ToolsVersion="4.0" xmlns="http://schemas.microsoft.com/developer/msbuild/2003">
  <ItemGroup>
    <ClCompile Include="Source\Scene.cpp" />
    <ClCompile Include="Source\Log.cpp">
      <Filter>Utils</Filter>
    </ClCompile>
    <ClCompile Include="Source\External\PugiXml\src\pugixml.cpp">
      <Filter>External\PugiXml</Filter>
    </ClCompile>
    <ClCompile Include="Source\Map.cpp" />
    <ClCompile Include="Source\Player.cpp">
      <Filter>Entities</Filter>
    </ClCompile>
    <ClCompile Include="Source\WalkingEnemy.cpp">
      <Filter>Entities</Filter>
    </ClCompile>
    <ClCompile Include="Source\FlyingEnemy.cpp">
      <Filter>Entities</Filter>
    </ClCompile>
    <ClCompile Include="Source\Checkpoints.cpp">
      <Filter>Entities</Filter>
    </ClCompile>
    <ClCompile Include="Source\movingPlatform.cpp">
      <Filter>Entities</Filter>
    </ClCompile>
    <ClCompile Include="Source\transparentWall.cpp">
      <Filter>Entities</Filter>
    </ClCompile>
    <ClCompile Include="Source\Portal.cpp">
      <Filter>Entities</Filter>
    </ClCompile>
    <ClCompile Include="Source\Fonts.cpp">
      <Filter>GUI</Filter>
    </ClCompile>
    <ClCompile Include="Source\CandyItem.cpp">
      <Filter>Entities</Filter>
    </ClCompile>
    <ClCompile Include="Source\HealItem.cpp">
      <Filter>Entities</Filter>
    </ClCompile>
    <ClCompile Include="Source\Window.cpp">
      <Filter>Modules</Filter>
    </ClCompile>
    <ClCompile Include="Source\Textures.cpp">
      <Filter>Modules</Filter>
    </ClCompile>
    <ClCompile Include="Source\Render.cpp">
      <Filter>Modules</Filter>
    </ClCompile>
    <ClCompile Include="Source\Physics.cpp">
      <Filter>Modules</Filter>
    </ClCompile>
    <ClCompile Include="Source\PerfTimer.cpp">
      <Filter>Modules</Filter>
    </ClCompile>
    <ClCompile Include="Source\Timer.cpp">
      <Filter>Modules</Filter>
    </ClCompile>
    <ClCompile Include="Source\Path.cpp">
      <Filter>Modules</Filter>
    </ClCompile>
    <ClCompile Include="Source\Pathfinding.cpp">
      <Filter>Modules</Filter>
    </ClCompile>
    <ClCompile Include="Source\Main.cpp">
      <Filter>Modules</Filter>
    </ClCompile>
    <ClCompile Include="Source\Input.cpp">
      <Filter>Modules</Filter>
    </ClCompile>
    <ClCompile Include="Source\Audio.cpp">
      <Filter>Modules</Filter>
    </ClCompile>
    <ClCompile Include="Source\App.cpp">
      <Filter>Modules</Filter>
    </ClCompile>
    <ClCompile Include="Source\Particles.cpp">
      <Filter>Modules</Filter>
    </ClCompile>
    <ClCompile Include="Source\EntityManager.cpp">
      <Filter>Modules</Filter>
    </ClCompile>
    <ClCompile Include="Source\FadeToBlack.cpp">
      <Filter>Modules</Filter>
    </ClCompile>
    <ClCompile Include="Source\GuiControlButton.cpp">
      <Filter>GUI</Filter>
    </ClCompile>
    <ClCompile Include="Source\GuiManager.cpp">
      <Filter>GUI</Filter>
    </ClCompile>
    <ClCompile Include="Source\SceneIntro.cpp" />
    <ClCompile Include="Source\GuiControlPopUp.cpp">
      <Filter>GUI</Filter>
    </ClCompile>
    <ClCompile Include="Source\GuiControlCheckBox.cpp">
      <Filter>GUI</Filter>
    </ClCompile>
    <ClCompile Include="Source\Boss.cpp">
      <Filter>Entities</Filter>
    </ClCompile>
    <ClCompile Include="Source\GuiControlSlider.cpp">
      <Filter>GUI</Filter>
    </ClCompile>
    <ClCompile Include="Source\GameOver.cpp" />
  </ItemGroup>
  <ItemGroup>
    <ClInclude Include="Source\Scene.h" />
    <ClInclude Include="Source\Defs.h">
      <Filter>Utils</Filter>
    </ClInclude>
    <ClInclude Include="Source\DynArray.h">
      <Filter>Utils</Filter>
    </ClInclude>
    <ClInclude Include="Source\List.h">
      <Filter>Utils</Filter>
    </ClInclude>
    <ClInclude Include="Source\Log.h">
      <Filter>Utils</Filter>
    </ClInclude>
    <ClInclude Include="Source\Point.h">
      <Filter>Utils</Filter>
    </ClInclude>
    <ClInclude Include="Source\SString.h">
      <Filter>Utils</Filter>
    </ClInclude>
    <ClInclude Include="Source\External\PugiXml\src\pugiconfig.hpp">
      <Filter>External\PugiXml</Filter>
    </ClInclude>
    <ClInclude Include="Source\External\PugiXml\src\pugixml.hpp">
      <Filter>External\PugiXml</Filter>
    </ClInclude>
    <ClInclude Include="Source\Queue.h">
      <Filter>Utils</Filter>
    </ClInclude>
    <ClInclude Include="Source\Map.h" />
    <ClInclude Include="Source\PQueue.h">
      <Filter>Utils</Filter>
    </ClInclude>
    <ClInclude Include="Source\Player.h">
      <Filter>Entities</Filter>
    </ClInclude>
    <ClInclude Include="Source\WalkingEnemy.h">
      <Filter>Entities</Filter>
    </ClInclude>
    <ClInclude Include="Source\FlyingEnemy.h">
      <Filter>Entities</Filter>
    </ClInclude>
    <ClInclude Include="Source\Checkpoints.h">
      <Filter>Entities</Filter>
    </ClInclude>
    <ClInclude Include="Source\movingPlatform.h">
      <Filter>Entities</Filter>
    </ClInclude>
    <ClInclude Include="Source\transparentWall.h">
      <Filter>Entities</Filter>
    </ClInclude>
    <ClInclude Include="Source\Portal.h">
      <Filter>Entities</Filter>
    </ClInclude>
    <ClInclude Include="Source\Fonts.h">
      <Filter>GUI</Filter>
    </ClInclude>
    <ClInclude Include="Source\CandyItem.h">
      <Filter>Entities</Filter>
    </ClInclude>
    <ClInclude Include="Source\HealItem.h">
      <Filter>Entities</Filter>
    </ClInclude>
    <ClInclude Include="Source\Window.h">
      <Filter>Modules</Filter>
    </ClInclude>
    <ClInclude Include="Source\Textures.h">
      <Filter>Modules</Filter>
    </ClInclude>
    <ClInclude Include="Source\Render.h">
      <Filter>Modules</Filter>
    </ClInclude>
    <ClInclude Include="Source\Physics.h">
      <Filter>Modules</Filter>
    </ClInclude>
    <ClInclude Include="Source\PerfTimer.h">
      <Filter>Modules</Filter>
    </ClInclude>
    <ClInclude Include="Source\Timer.h">
      <Filter>Modules</Filter>
    </ClInclude>
    <ClInclude Include="Source\Pathfinding.h">
      <Filter>Modules</Filter>
    </ClInclude>
    <ClInclude Include="Source\Path.h">
      <Filter>Modules</Filter>
    </ClInclude>
    <ClInclude Include="Source\Module.h">
      <Filter>Modules</Filter>
    </ClInclude>
    <ClInclude Include="Source\Input.h">
      <Filter>Modules</Filter>
    </ClInclude>
    <ClInclude Include="Source\Audio.h">
      <Filter>Modules</Filter>
    </ClInclude>
    <ClInclude Include="Source\App.h">
      <Filter>Modules</Filter>
    </ClInclude>
    <ClInclude Include="Source\Animation.h">
      <Filter>Modules</Filter>
    </ClInclude>
    <ClInclude Include="Source\Particles.h">
      <Filter>Modules</Filter>
    </ClInclude>
    <ClInclude Include="Source\Entity.h">
      <Filter>Modules</Filter>
    </ClInclude>
    <ClInclude Include="Source\EntityManager.h">
      <Filter>Modules</Filter>
    </ClInclude>
    <ClInclude Include="Source\FadeToBlack.h">
      <Filter>Modules</Filter>
    </ClInclude>
    <ClInclude Include="Source\GuiControl.h">
      <Filter>GUI</Filter>
    </ClInclude>
    <ClInclude Include="Source\GuiControlButton.h">
      <Filter>GUI</Filter>
    </ClInclude>
    <ClInclude Include="Source\GuiManager.h">
      <Filter>GUI</Filter>
    </ClInclude>
    <ClInclude Include="Source\SceneIntro.h" />
    <ClInclude Include="Source\GuiControlPopUp.h">
      <Filter>GUI</Filter>
    </ClInclude>
    <ClInclude Include="Source\GuiControlCheckBox.h">
      <Filter>GUI</Filter>
    </ClInclude>
    <ClInclude Include="Source\Boss.h">
      <Filter>Entities</Filter>
    </ClInclude>
    <ClInclude Include="Source\GuiControlSlider.h">
      <Filter>GUI</Filter>
    </ClInclude>
    <ClInclude Include="Source\GameOver.h" />
  </ItemGroup>
  <ItemGroup>
    <Filter Include="External">
      <UniqueIdentifier>{83a966c7-b4bb-4eff-9c2c-3ff3c7b55a60}</UniqueIdentifier>
    </Filter>
    <Filter Include="Utils">
      <UniqueIdentifier>{2cad778a-d356-48b0-9fee-587f1bbb187e}</UniqueIdentifier>
    </Filter>
    <Filter Include="External\PugiXml">
      <UniqueIdentifier>{2855ff7f-53a1-413d-a75b-18b4ade921dd}</UniqueIdentifier>
    </Filter>
    <Filter Include="Entities">
      <UniqueIdentifier>{dfd463a9-0115-4810-b01f-609a81e84280}</UniqueIdentifier>
    </Filter>
    <Filter Include="GUI">
      <UniqueIdentifier>{329a4827-4de8-4950-a50e-a4bf435616df}</UniqueIdentifier>
    </Filter>
    <Filter Include="Modules">
      <UniqueIdentifier>{40383ea4-12e9-454c-b708-e0f94f3c1b3e}</UniqueIdentifier>
    </Filter>
  </ItemGroup>
</Project>